
Microsoft Visual Studio Solution File, Format Version 12.00
# Visual Studio Version 17
VisualStudioVersion = 17.4.33110.190
MinimumVisualStudioVersion = 10.0.40219.1
Project("{9A19103F-16F7-4668-BE54-9A1E7A4F7556}") = "cmsProject", "cmsProject.csproj", "{68009B39-6577-4C84-A5DD-A021BDE4931C}"
EndProject
Global
	GlobalSection(SolutionConfigurationPlatforms) = preSolution
		Debug|Any CPU = Debug|Any CPU
		Release|Any CPU = Release|Any CPU
	EndGlobalSection
	GlobalSection(ProjectConfigurationPlatforms) = postSolution
		{68009B39-6577-4C84-A5DD-A021BDE4931C}.Debug|Any CPU.ActiveCfg = Debug|Any CPU
		{68009B39-6577-4C84-A5DD-A021BDE4931C}.Debug|Any CPU.Build.0 = Debug|Any CPU
		{68009B39-6577-4C84-A5DD-A021BDE4931C}.Release|Any CPU.ActiveCfg = Release|Any CPU
		{68009B39-6577-4C84-A5DD-A021BDE4931C}.Release|Any CPU.Build.0 = Release|Any CPU
	EndGlobalSection
	GlobalSection(SolutionProperties) = preSolution
		HideSolutionNode = FALSE
	EndGlobalSection
	GlobalSection(ExtensibilityGlobals) = postSolution
		SolutionGuid = {CEE5E490-DDA1-42E7-B30D-A2C8589C13F8}
	EndGlobalSection
EndGlobal
